# @generated - this file is auto-generated by `mise lock` https://mise.jdx.dev/dev-tools/mise-lock.html

[[tools."cargo:sqlx-cli"]]
version = "0.9.0"
backend = "cargo:sqlx-cli"

[tools."cargo:sqlx-cli".options]
default-features = "false"
features = "native-tls postgres sqlx-toml"

[[tools.rust]]
version = "1.96.0"
backend = "asdf:rust"
