# @generated - this file is auto-generated by `mise lock` https://mise.jdx.dev/dev-tools/mise-lock.html

[[tools."aqua:EmbarkStudios/cargo-deny"]]
version = "0.20.2"
backend = "aqua:EmbarkStudios/cargo-deny"

[tools."aqua:EmbarkStudios/cargo-deny"."platforms.linux-arm64"]
checksum = "sha256:995c82be0defc7a025cae49a2aa2644ce8245c9a3318fc4103907c6a285e8c7d"
url = "https://github.com/EmbarkStudios/cargo-deny/releases/download/0.20.2/cargo-deny-0.20.2-aarch64-unknown-linux-musl.tar.gz"
url_api = "https://api.github.com/repos/EmbarkStudios/cargo-deny/releases/assets/471598345"

[tools."aqua:EmbarkStudios/cargo-deny"."platforms.linux-arm64-musl"]
checksum = "sha256:995c82be0defc7a025cae49a2aa2644ce8245c9a3318fc4103907c6a285e8c7d"
url = "https://github.com/EmbarkStudios/cargo-deny/releases/download/0.20.2/cargo-deny-0.20.2-aarch64-unknown-linux-musl.tar.gz"
url_api = "https://api.github.com/repos/EmbarkStudios/cargo-deny/releases/assets/471598345"

[tools."aqua:EmbarkStudios/cargo-deny"."platforms.linux-x64"]
checksum = "sha256:9f12ed4c49936e09b48bf862b595cde2fe64fcbd9d74dfacac6131ca824c8d5f"
url = "https://github.com/EmbarkStudios/cargo-deny/releases/download/0.20.2/cargo-deny-0.20.2-x86_64-unknown-linux-musl.tar.gz"
url_api = "https://api.github.com/repos/EmbarkStudios/cargo-deny/releases/assets/471598214"

[tools."aqua:EmbarkStudios/cargo-deny"."platforms.linux-x64-musl"]
checksum = "sha256:9f12ed4c49936e09b48bf862b595cde2fe64fcbd9d74dfacac6131ca824c8d5f"
url = "https://github.com/EmbarkStudios/cargo-deny/releases/download/0.20.2/cargo-deny-0.20.2-x86_64-unknown-linux-musl.tar.gz"
url_api = "https://api.github.com/repos/EmbarkStudios/cargo-deny/releases/assets/471598214"

[tools."aqua:EmbarkStudios/cargo-deny"."platforms.macos-arm64"]
checksum = "sha256:fe67d82a10d8597a3549364cb733a3f9cc1bfff9031b7ae46384a9f2a72090c3"
url = "https://github.com/EmbarkStudios/cargo-deny/releases/download/0.20.2/cargo-deny-0.20.2-aarch64-apple-darwin.tar.gz"
url_api = "https://api.github.com/repos/EmbarkStudios/cargo-deny/releases/assets/471597689"

[tools."aqua:EmbarkStudios/cargo-deny"."platforms.macos-x64"]
checksum = "sha256:248da7f581724e470071990c088ffc55c811981715f4cbdb258621fb79f8b7a6"
url = "https://github.com/EmbarkStudios/cargo-deny/releases/download/0.20.2/cargo-deny-0.20.2-x86_64-apple-darwin.tar.gz"
url_api = "https://api.github.com/repos/EmbarkStudios/cargo-deny/releases/assets/471598357"

[tools."aqua:EmbarkStudios/cargo-deny"."platforms.windows-x64"]
checksum = "sha256:975a22143262fd27476d19ee00c7af67978426e40e1dee94eed6bbade1cf87dc"
url = "https://github.com/EmbarkStudios/cargo-deny/releases/download/0.20.2/cargo-deny-0.20.2-x86_64-pc-windows-msvc.tar.gz"
url_api = "https://api.github.com/repos/EmbarkStudios/cargo-deny/releases/assets/471599057"

[[tools."aqua:taiki-e/cargo-llvm-cov"]]
version = "0.8.7"
backend = "aqua:taiki-e/cargo-llvm-cov"

[tools."aqua:taiki-e/cargo-llvm-cov"."platforms.linux-arm64"]
checksum = "sha256:b7bb2ad514166f3b19fc06874c577eefde0010e5ac571f9ae33ff45cd19a4785"
url = "https://github.com/taiki-e/cargo-llvm-cov/releases/download/v0.8.7/cargo-llvm-cov-aarch64-unknown-linux-musl.tar.gz"
url_api = "https://api.github.com/repos/taiki-e/cargo-llvm-cov/releases/assets/418861713"

[tools."aqua:taiki-e/cargo-llvm-cov"."platforms.linux-arm64-musl"]
checksum = "sha256:b7bb2ad514166f3b19fc06874c577eefde0010e5ac571f9ae33ff45cd19a4785"
url = "https://github.com/taiki-e/cargo-llvm-cov/releases/download/v0.8.7/cargo-llvm-cov-aarch64-unknown-linux-musl.tar.gz"
url_api = "https://api.github.com/repos/taiki-e/cargo-llvm-cov/releases/assets/418861713"

[tools."aqua:taiki-e/cargo-llvm-cov"."platforms.linux-x64"]
checksum = "sha256:967b5cc996c29d8baa52bbb4595ef1f53af35255af8e2036ddbc6468d7b523c7"
url = "https://github.com/taiki-e/cargo-llvm-cov/releases/download/v0.8.7/cargo-llvm-cov-x86_64-unknown-linux-musl.tar.gz"
url_api = "https://api.github.com/repos/taiki-e/cargo-llvm-cov/releases/assets/418861752"

[tools."aqua:taiki-e/cargo-llvm-cov"."platforms.linux-x64-musl"]
checksum = "sha256:967b5cc996c29d8baa52bbb4595ef1f53af35255af8e2036ddbc6468d7b523c7"
url = "https://github.com/taiki-e/cargo-llvm-cov/releases/download/v0.8.7/cargo-llvm-cov-x86_64-unknown-linux-musl.tar.gz"
url_api = "https://api.github.com/repos/taiki-e/cargo-llvm-cov/releases/assets/418861752"

[tools."aqua:taiki-e/cargo-llvm-cov"."platforms.macos-arm64"]
checksum = "sha256:3efee732ed7e9a653e20d96c930e0ec799901289cce90f46bb20f627e2c0d2e9"
url = "https://github.com/taiki-e/cargo-llvm-cov/releases/download/v0.8.7/cargo-llvm-cov-aarch64-apple-darwin.tar.gz"
url_api = "https://api.github.com/repos/taiki-e/cargo-llvm-cov/releases/assets/418861557"

[tools."aqua:taiki-e/cargo-llvm-cov"."platforms.macos-x64"]
checksum = "sha256:288ce0cb976207a9a1ad5af4d7ec9a06c9af116727066fb2287df8d9d1026be9"
url = "https://github.com/taiki-e/cargo-llvm-cov/releases/download/v0.8.7/cargo-llvm-cov-x86_64-apple-darwin.tar.gz"
url_api = "https://api.github.com/repos/taiki-e/cargo-llvm-cov/releases/assets/418861642"

[tools."aqua:taiki-e/cargo-llvm-cov"."platforms.windows-x64"]
checksum = "sha256:56bce7aef6bf906af0fe025d2459f8be483d65ed4c105760671f9c92449c966d"
url = "https://github.com/taiki-e/cargo-llvm-cov/releases/download/v0.8.7/cargo-llvm-cov-x86_64-pc-windows-msvc.tar.gz"
url_api = "https://api.github.com/repos/taiki-e/cargo-llvm-cov/releases/assets/418863335"

[[tools."cargo:sqlx-cli"]]
version = "0.9.0"
backend = "cargo:sqlx-cli"

[tools."cargo:sqlx-cli".options]
default-features = "false"
features = "native-tls postgres sqlx-toml"

[[tools.oxfmt]]
version = "0.62.0"
backend = "npm:oxfmt"

[[tools.rust]]
version = "1.97.1"
backend = "asdf:rust"
